
Microsoft Visual Studio Solution File, Format Version 12.00
# Visual Studio Version 16
VisualStudioVersion = 16.0.29613.14
MinimumVisualStudioVersion = 10.0.40219.1
Project("{9A19103F-16F7-4668-BE54-9A1E7A4F7556}") = "Configuration", "Configuration\Configuration.csproj", "{E3F558B7-19C5-420A-BB14-59CF83A0F107}"
EndProject
Project("{9A19103F-16F7-4668-BE54-9A1E7A4F7556}") = "Configuration.Api", "Configuration.Api\Configuration.Api.csproj", "{62B893C2-34F1-4FB0-8585-5390D25513DD}"
EndProject
Project("{9A19103F-16F7-4668-BE54-9A1E7A4F7556}") = "Configuration.Tests", "Configuration.Tests\Configuration.Tests.csproj", "{13C3BB7F-AB53-4855-A234-2FDC232F2E52}"
EndProject
Project("{2150E333-8FDC-42A3-9474-1A3956D46DE8}") = "Postman", "Postman", "{957A89A2-A9C1-4FF2-AAE2-F57F8712B75E}"
	ProjectSection(SolutionItems) = preProject
		Configuration.postman_collection.json = Configuration.postman_collection.json
	EndProjectSection
EndProject
Project("{FAE04EC0-301F-11D3-BF4B-00C04F79EFBC}") = "Configuration.Listener", "Configuration.Listener\Configuration.Listener.csproj", "{E02A75C0-55D0-4C84-AF51-F2E5A1CCD791}"
EndProject
Global
	GlobalSection(SolutionConfigurationPlatforms) = preSolution
		Debug|Any CPU = Debug|Any CPU
		Release|Any CPU = Release|Any CPU
	EndGlobalSection
	GlobalSection(ProjectConfigurationPlatforms) = postSolution
		{E3F558B7-19C5-420A-BB14-59CF83A0F107}.Debug|Any CPU.ActiveCfg = Debug|Any CPU
		{E3F558B7-19C5-420A-BB14-59CF83A0F107}.Debug|Any CPU.Build.0 = Debug|Any CPU
		{E3F558B7-19C5-420A-BB14-59CF83A0F107}.Release|Any CPU.ActiveCfg = Release|Any CPU
		{E3F558B7-19C5-420A-BB14-59CF83A0F107}.Release|Any CPU.Build.0 = Release|Any CPU
		{62B893C2-34F1-4FB0-8585-5390D25513DD}.Debug|Any CPU.ActiveCfg = Debug|Any CPU
		{62B893C2-34F1-4FB0-8585-5390D25513DD}.Debug|Any CPU.Build.0 = Debug|Any CPU
		{62B893C2-34F1-4FB0-8585-5390D25513DD}.Release|Any CPU.ActiveCfg = Release|Any CPU
		{62B893C2-34F1-4FB0-8585-5390D25513DD}.Release|Any CPU.Build.0 = Release|Any CPU
		{13C3BB7F-AB53-4855-A234-2FDC232F2E52}.Debug|Any CPU.ActiveCfg = Debug|Any CPU
		{13C3BB7F-AB53-4855-A234-2FDC232F2E52}.Debug|Any CPU.Build.0 = Debug|Any CPU
		{13C3BB7F-AB53-4855-A234-2FDC232F2E52}.Release|Any CPU.ActiveCfg = Release|Any CPU
		{13C3BB7F-AB53-4855-A234-2FDC232F2E52}.Release|Any CPU.Build.0 = Release|Any CPU
		{E02A75C0-55D0-4C84-AF51-F2E5A1CCD791}.Debug|Any CPU.ActiveCfg = Debug|Any CPU
		{E02A75C0-55D0-4C84-AF51-F2E5A1CCD791}.Debug|Any CPU.Build.0 = Debug|Any CPU
		{E02A75C0-55D0-4C84-AF51-F2E5A1CCD791}.Release|Any CPU.ActiveCfg = Release|Any CPU
		{E02A75C0-55D0-4C84-AF51-F2E5A1CCD791}.Release|Any CPU.Build.0 = Release|Any CPU
	EndGlobalSection
	GlobalSection(SolutionProperties) = preSolution
		HideSolutionNode = FALSE
	EndGlobalSection
	GlobalSection(ExtensibilityGlobals) = postSolution
		SolutionGuid = {A45C4705-A830-4A01-8524-06C2D66F644E}
	EndGlobalSection
EndGlobal
